{
  "nodes": {
    "dgop": {
      "inputs": {
        "nixpkgs": [
          "dms",
          "nixpkgs"
        ]
      },
      "locked": {
        "lastModified": 1762835999,
        "narHash": "sha256-UykYGrGFOFTmDpKTLNxj1wvd1gbDG4TkqLNSbV0TYwk=",
        "owner": "AvengeMedia",
        "repo": "dgop",
        "rev": "799301991cd5dcea9b64245f9d500dcc76615653",
        "type": "github"
      },
      "original": {
        "owner": "AvengeMedia",
        "repo": "dgop",
        "type": "github"
      }
    },
    "dms": {
      "inputs": {
        "dgop": "dgop",
        "nixpkgs": [
          "nixpkgs"
        ],
        "quickshell": "quickshell"
      },
      "locked": {
        "lastModified": 1765552734,
        "narHash": "sha256-rWjWYu5rs3ZOJ4YJpvIscBZSYu74thJHc0VYyYKJTUc=",
        "owner": "AvengeMedia",
        "repo": "DankMaterialShell",
        "rev": "7fb358bada0d3a229ec5ee6aaad0f9b64f367331",
        "type": "github"
      },
      "original": {
        "owner": "AvengeMedia",
        "ref": "stable",
        "repo": "DankMaterialShell",
        "type": "github"
      }
    },
    "home-manager": {
      "inputs": {
        "nixpkgs": [
          "nixpkgs"
        ]
      },
      "locked": {
        "lastModified": 1767024057,
        "narHash": "sha256-B1aycRjMRvb6QOGbnqDhiDzZwMebj5jxZ5qyJzaKvpI=",
        "owner": "nix-community",
        "repo": "home-manager",
        "rev": "34578a2fdfce4257ce5f5baf6e7efbd4e4e252b1",
        "type": "github"
      },
      "original": {
        "owner": "nix-community",
        "ref": "release-25.11",
        "repo": "home-manager",
        "type": "github"
      }
    },
    "nixpkgs": {
      "locked": {
        "lastModified": 1766885793,
        "narHash": "sha256-P6RVkrM9JLCW6xBjSwHfgTOQ1JwBUma5xe5LI8xAPC0=",
        "owner": "nixos",
        "repo": "nixpkgs",
        "rev": "9ef261221d1e72399f2036786498d78c38185c46",
        "type": "github"
      },
      "original": {
        "owner": "nixos",
        "ref": "nixos-25.11",
        "repo": "nixpkgs",
        "type": "github"
      }
    },
    "quickshell": {
      "inputs": {
        "nixpkgs": [
          "dms",
          "nixpkgs"
        ]
      },
      "locked": {
        "lastModified": 1764663772,
        "narHash": "sha256-sHqLmm0wAt3PC4vczJeBozI1/f4rv9yp3IjkClHDXDs=",
        "ref": "refs/heads/master",
        "rev": "26531fc46ef17e9365b03770edd3fb9206fcb460",
        "revCount": 713,
        "type": "git",
        "url": "https://git.outfoxxed.me/quickshell/quickshell"
      },
      "original": {
        "rev": "26531fc46ef17e9365b03770edd3fb9206fcb460",
        "type": "git",
        "url": "https://git.outfoxxed.me/quickshell/quickshell"
      }
    },
    "root": {
      "inputs": {
        "dms": "dms",
        "home-manager": "home-manager",
        "nixpkgs": "nixpkgs",
        "spicetify-nix": "spicetify-nix"
      }
    },
    "spicetify-nix": {
      "inputs": {
        "nixpkgs": [
          "nixpkgs"
        ],
        "systems": "systems"
      },
      "locked": {
        "lastModified": 1767195736,
        "narHash": "sha256-0xvPSbhIGeJzsJXNTkgJ3PjwdVItKm85wzYKA9NmSzI=",
        "owner": "Gerg-L",
        "repo": "spicetify-nix",
        "rev": "465adc0ab6ff0c4b9b1db1c6e7fd7eeb553b3261",
        "type": "github"
      },
      "original": {
        "owner": "Gerg-L",
        "repo": "spicetify-nix",
        "type": "github"
      }
    },
    "systems": {
      "locked": {
        "lastModified": 1681028828,
        "narHash": "sha256-Vy1rq5AaRuLzOxct8nz4T6wlgyUR7zLU309k9mBC768=",
        "owner": "nix-systems",
        "repo": "default",
        "rev": "da67096a3b9bf56a91d16901293e51ba5b49a27e",
        "type": "github"
      },
      "original": {
        "owner": "nix-systems",
        "repo": "default",
        "type": "github"
      }
    }
  },
  "root": "root",
  "version": 7
}
